// !$*UTF8*$!
{
	archiveVersion = 1;
	classes = {
	};
	objectVersion = 48;
	objects = {

/* Begin PBXBuildFile section */
		0D4A252E453C462E5DA18858 /* Pods_News.framework in Frameworks */ = {isa = PBXBuildFile; fileRef = F8C7D7D62F18875C4E0F9CFC /* Pods_News.framework */; };
		86B30ABC2110077300967772 /* AppDelegate.swift in Sources */ = {isa = PBXBuildFile; fileRef = 86B30ABB2110077300967772 /* AppDelegate.swift */; };
		86B30ABE2110077300967772 /* ViewController.swift in Sources */ = {isa = PBXBuildFile; fileRef = 86B30ABD2110077300967772 /* ViewController.swift */; };
		86B30AC12110077300967772 /* Main.storyboard in Resources */ = {isa = PBXBuildFile; fileRef = 86B30ABF2110077300967772 /* Main.storyboard */; };
		86B30AC32110077300967772 /* Assets.xcassets in Resources */ = {isa = PBXBuildFile; fileRef = 86B30AC22110077300967772 /* Assets.xcassets */; };
		86B30AC62110077300967772 /* LaunchScreen.storyboard in Resources */ = {isa = PBXBuildFile; fileRef = 86B30AC42110077300967772 /* LaunchScreen.storyboard */; };
		86B30AD12110077400967772 /* NewsTests.swift in Sources */ = {isa = PBXBuildFile; fileRef = 86B30AD02110077400967772 /* NewsTests.swift */; };
		86B30ADC2110077400967772 /* NewsUITests.swift in Sources */ = {isa = PBXBuildFile; fileRef = 86B30ADB2110077400967772 /* NewsUITests.swift */; };
		86B30AEA2110118500967772 /* Constants.swift in Sources */ = {isa = PBXBuildFile; fileRef = 86B30AE92110118500967772 /* Constants.swift */; };
		86B30AEC211015AE00967772 /* NewsListViewController.swift in Sources */ = {isa = PBXBuildFile; fileRef = 86B30AEB211015AE00967772 /* NewsListViewController.swift */; };
		86B30AEE21102F1B00967772 /* Article.swift in Sources */ = {isa = PBXBuildFile; fileRef = 86B30AED21102F1B00967772 /* Article.swift */; };
/* End PBXBuildFile section */

/* Begin PBXContainerItemProxy section */
		86B30ACD2110077300967772 /* PBXContainerItemProxy */ = {
			isa = PBXContainerItemProxy;
			containerPortal = 86B30AB02110077300967772 /* Project object */;
			proxyType = 1;
			remoteGlobalIDString = 86B30AB72110077300967772;
			remoteInfo = News;
		};
		86B30AD82110077400967772 /* PBXContainerItemProxy */ = {
			isa = PBXContainerItemProxy;
			containerPortal = 86B30AB02110077300967772 /* Project object */;
			proxyType = 1;
			remoteGlobalIDString = 86B30AB72110077300967772;
			remoteInfo = News;
		};
/* End PBXContainerItemProxy section */

/* Begin PBXFileReference section */
		0978CE609727CA3F3063B8EC /* Pods-News.debug.xcconfig */ = {isa = PBXFileReference; includeInIndex = 1; lastKnownFileType = text.xcconfig; name = "Pods-News.debug.xcconfig"; path = "Pods/Target Support Files/Pods-News/Pods-News.debug.xcconfig"; sourceTree = "<group>"; };
		6241A75BB5F5EED6050B7215 /* Pods-News.release.xcconfig */ = {isa = PBXFileReference; includeInIndex = 1; lastKnownFileType = text.xcconfig; name = "Pods-News.release.xcconfig"; path = "Pods/Target Support Files/Pods-News/Pods-News.release.xcconfig"; sourceTree = "<group>"; };
		86B30AB82110077300967772 /* News.app */ = {isa = PBXFileReference; explicitFileType = wrapper.application; includeInIndex = 0; path = News.app; sourceTree = BUILT_PRODUCTS_DIR; };
		86B30ABB2110077300967772 /* AppDelegate.swift */ = {isa = PBXFileReference; lastKnownFileType = sourcecode.swift; path = AppDelegate.swift; sourceTree = "<group>"; };
		86B30ABD2110077300967772 /* ViewController.swift */ = {isa = PBXFileReference; lastKnownFileType = sourcecode.swift; path = ViewController.swift; sourceTree = "<group>"; };
		86B30AC02110077300967772 /* Base */ = {isa = PBXFileReference; lastKnownFileType = file.storyboard; name = Base; path = Base.lproj/Main.storyboard; sourceTree = "<group>"; };
		86B30AC22110077300967772 /* Assets.xcassets */ = {isa = PBXFileReference; lastKnownFileType = folder.assetcatalog; path = Assets.xcassets; sourceTree = "<group>"; };
		86B30AC52110077300967772 /* Base */ = {isa = PBXFileReference; lastKnownFileType = file.storyboard; name = Base; path = Base.lproj/LaunchScreen.storyboard; sourceTree = "<group>"; };
		86B30AC72110077300967772 /* Info.plist */ = {isa = PBXFileReference; lastKnownFileType = text.plist.xml; path = Info.plist; sourceTree = "<group>"; };
		86B30ACC2110077300967772 /* NewsTests.xctest */ = {isa = PBXFileReference; explicitFileType = wrapper.cfbundle; includeInIndex = 0; path = NewsTests.xctest; sourceTree = BUILT_PRODUCTS_DIR; };
		86B30AD02110077400967772 /* NewsTests.swift */ = {isa = PBXFileReference; lastKnownFileType = sourcecode.swift; path = NewsTests.swift; sourceTree = "<group>"; };
		86B30AD22110077400967772 /* Info.plist */ = {isa = PBXFileReference; lastKnownFileType = text.plist.xml; path = Info.plist; sourceTree = "<group>"; };
		86B30AD72110077400967772 /* NewsUITests.xctest */ = {isa = PBXFileReference; explicitFileType = wrapper.cfbundle; includeInIndex = 0; path = NewsUITests.xctest; sourceTree = BUILT_PRODUCTS_DIR; };
		86B30ADB2110077400967772 /* NewsUITests.swift */ = {isa = PBXFileReference; lastKnownFileType = sourcecode.swift; path = NewsUITests.swift; sourceTree = "<group>"; };
		86B30ADD2110077400967772 /* Info.plist */ = {isa = PBXFileReference; lastKnownFileType = text.plist.xml; path = Info.plist; sourceTree = "<group>"; };
		86B30AE92110118500967772 /* Constants.swift */ = {isa = PBXFileReference; lastKnownFileType = sourcecode.swift; path = Constants.swift; sourceTree = "<group>"; };
		86B30AEB211015AE00967772 /* NewsListViewController.swift */ = {isa = PBXFileReference; lastKnownFileType = sourcecode.swift; path = NewsListViewController.swift; sourceTree = "<group>"; };
		86B30AED21102F1B00967772 /* Article.swift */ = {isa = PBXFileReference; lastKnownFileType = sourcecode.swift; path = Article.swift; sourceTree = "<group>"; };
		F8C7D7D62F18875C4E0F9CFC /* Pods_News.framework */ = {isa = PBXFileReference; explicitFileType = wrapper.framework; includeInIndex = 0; path = Pods_News.framework; sourceTree = BUILT_PRODUCTS_DIR; };
/* End PBXFileReference section */

/* Begin PBXFrameworksBuildPhase section */
		86B30AB52110077300967772 /* Frameworks */ = {
			isa = PBXFrameworksBuildPhase;
			buildActionMask = 2147483647;
			files = (
				0D4A252E453C462E5DA18858 /* Pods_News.framework in Frameworks */,
			);
			runOnlyForDeploymentPostprocessing = 0;
		};
		86B30AC92110077300967772 /* Frameworks */ = {
			isa = PBXFrameworksBuildPhase;
			buildActionMask = 2147483647;
			files = (
			);
			runOnlyForDeploymentPostprocessing = 0;
		};
		86B30AD42110077400967772 /* Frameworks */ = {
			isa = PBXFrameworksBuildPhase;
			buildActionMask = 2147483647;
			files = (
			);
			runOnlyForDeploymentPostprocessing = 0;
		};
/* End PBXFrameworksBuildPhase section */

/* Begin PBXGroup section */
		7EC6C20F8555CFE663D95C0C /* Pods */ = {
			isa = PBXGroup;
			children = (
				0978CE609727CA3F3063B8EC /* Pods-News.debug.xcconfig */,
				6241A75BB5F5EED6050B7215 /* Pods-News.release.xcconfig */,
			);
			name = Pods;
			sourceTree = "<group>";
		};
		86B30AAF2110077300967772 = {
			isa = PBXGroup;
			children = (
				86B30ABA2110077300967772 /* News */,
				86B30ACF2110077400967772 /* NewsTests */,
				86B30ADA2110077400967772 /* NewsUITests */,
				86B30AB92110077300967772 /* Products */,
				7EC6C20F8555CFE663D95C0C /* Pods */,
				FAC047D1B18C104E3C7549A9 /* Frameworks */,
			);
			sourceTree = "<group>";
		};
		86B30AB92110077300967772 /* Products */ = {
			isa = PBXGroup;
			children = (
				86B30AB82110077300967772 /* News.app */,
				86B30ACC2110077300967772 /* NewsTests.xctest */,
				86B30AD72110077400967772 /* NewsUITests.xctest */,
			);
			name = Products;
			sourceTree = "<group>";
		};
		86B30ABA2110077300967772 /* News */ = {
			isa = PBXGroup;
			children = (
				86B30ABB2110077300967772 /* AppDelegate.swift */,
				86B30ABD2110077300967772 /* ViewController.swift */,
				86B30ABF2110077300967772 /* Main.storyboard */,
				86B30AC22110077300967772 /* Assets.xcassets */,
				86B30AC42110077300967772 /* LaunchScreen.storyboard */,
				86B30AC72110077300967772 /* Info.plist */,
				86B30AE92110118500967772 /* Constants.swift */,
				86B30AEB211015AE00967772 /* NewsListViewController.swift */,
				86B30AED21102F1B00967772 /* Article.swift */,
			);
			path = News;
			sourceTree = "<group>";
		};
		86B30ACF2110077400967772 /* NewsTests */ = {
			isa = PBXGroup;
			children = (
				86B30AD02110077400967772 /* NewsTests.swift */,
				86B30AD22110077400967772 /* Info.plist */,
			);
			path = NewsTests;
			sourceTree = "<group>";
		};
		86B30ADA2110077400967772 /* NewsUITests */ = {
			isa = PBXGroup;
			children = (
				86B30ADB2110077400967772 /* NewsUITests.swift */,
				86B30ADD2110077400967772 /* Info.plist */,
			);
			path = NewsUITests;
			sourceTree = "<group>";
		};
		FAC047D1B18C104E3C7549A9 /* Frameworks */ = {
			isa = PBXGroup;
			children = (
				F8C7D7D62F18875C4E0F9CFC /* Pods_News.framework */,
			);
			name = Frameworks;
			sourceTree = "<group>";
		};
/* End PBXGroup section */

/* Begin PBXNativeTarget section */
		86B30AB72110077300967772 /* News */ = {
			isa = PBXNativeTarget;
			buildConfigurationList = 86B30AE02110077400967772 /* Build configuration list for PBXNativeTarget "News" */;
			buildPhases = (
				41DB13B9F83BE0F1913DCC02 /* [CP] Check Pods Manifest.lock */,
				86B30AB42110077300967772 /* Sources */,
				86B30AB52110077300967772 /* Frameworks */,
				86B30AB62110077300967772 /* Resources */,
				A0562012F369FC3D1B2F4159 /* [CP] Embed Pods Frameworks */,
			);
			buildRules = (
			);
			dependencies = (
			);
			name = News;
			productName = News;
			productReference = 86B30AB82110077300967772 /* News.app */;
			productType = "com.apple.product-type.application";
		};
		86B30ACB2110077300967772 /* NewsTests */ = {
			isa = PBXNativeTarget;
			buildConfigurationList = 86B30AE32110077400967772 /* Build configuration list for PBXNativeTarget "NewsTests" */;
			buildPhases = (
				86B30AC82110077300967772 /* Sources */,
				86B30AC92110077300967772 /* Frameworks */,
				86B30ACA2110077300967772 /* Resources */,
			);
			buildRules = (
			);
			dependencies = (
				86B30ACE2110077300967772 /* PBXTargetDependency */,
			);
			name = NewsTests;
			productName = NewsTests;
			productReference = 86B30ACC2110077300967772 /* NewsTests.xctest */;
			productType = "com.apple.product-type.bundle.unit-test";
		};
		86B30AD62110077400967772 /* NewsUITests */ = {
			isa = PBXNativeTarget;
			buildConfigurationList = 86B30AE62110077400967772 /* Build configuration list for PBXNativeTarget "NewsUITests" */;
			buildPhases = (
				86B30AD32110077400967772 /* Sources */,
				86B30AD42110077400967772 /* Frameworks */,
				86B30AD52110077400967772 /* Resources */,
			);
			buildRules = (
			);
			dependencies = (
				86B30AD92110077400967772 /* PBXTargetDependency */,
			);
			name = NewsUITests;
			productName = NewsUITests;
			productReference = 86B30AD72110077400967772 /* NewsUITests.xctest */;
			productType = "com.apple.product-type.bundle.ui-testing";
		};
/* End PBXNativeTarget section */

/* Begin PBXProject section */
		86B30AB02110077300967772 /* Project object */ = {
			isa = PBXProject;
			attributes = {
				LastSwiftUpdateCheck = 0900;
				LastUpgradeCheck = 0900;
				ORGANIZATIONNAME = "Gadia, Rohit";
				TargetAttributes = {
					86B30AB72110077300967772 = {
						CreatedOnToolsVersion = 9.0;
						ProvisioningStyle = Automatic;
					};
					86B30ACB2110077300967772 = {
						CreatedOnToolsVersion = 9.0;
						ProvisioningStyle = Automatic;
						TestTargetID = 86B30AB72110077300967772;
					};
					86B30AD62110077400967772 = {
						CreatedOnToolsVersion = 9.0;
						ProvisioningStyle = Automatic;
						TestTargetID = 86B30AB72110077300967772;
					};
				};
			};
			buildConfigurationList = 86B30AB32110077300967772 /* Build configuration list for PBXProject "News" */;
			compatibilityVersion = "Xcode 8.0";
			developmentRegion = en;
			hasScannedForEncodings = 0;
			knownRegions = (
				en,
				Base,
			);
			mainGroup = 86B30AAF2110077300967772;
			productRefGroup = 86B30AB92110077300967772 /* Products */;
			projectDirPath = "";
			projectRoot = "";
			targets = (
				86B30AB72110077300967772 /* News */,
				86B30ACB2110077300967772 /* NewsTests */,
				86B30AD62110077400967772 /* NewsUITests */,
			);
		};
/* End PBXProject section */

/* Begin PBXResourcesBuildPhase section */
		86B30AB62110077300967772 /* Resources */ = {
			isa = PBXResourcesBuildPhase;
			buildActionMask = 2147483647;
			files = (
				86B30AC62110077300967772 /* LaunchScreen.storyboard in Resources */,
				86B30AC32110077300967772 /* Assets.xcassets in Resources */,
				86B30AC12110077300967772 /* Main.storyboard in Resources */,
			);
			runOnlyForDeploymentPostprocessing = 0;
		};
		86B30ACA2110077300967772 /* Resources */ = {
			isa = PBXResourcesBuildPhase;
			buildActionMask = 2147483647;
			files = (
			);
			runOnlyForDeploymentPostprocessing = 0;
		};
		86B30AD52110077400967772 /* Resources */ = {
			isa = PBXResourcesBuildPhase;
			buildActionMask = 2147483647;
			files = (
			);
			runOnlyForDeploymentPostprocessing = 0;
		};
/* End PBXResourcesBuildPhase section */

/* Begin PBXShellScriptBuildPhase section */
		41DB13B9F83BE0F1913DCC02 /* [CP] Check Pods Manifest.lock */ = {
			isa = PBXShellScriptBuildPhase;
			buildActionMask = 2147483647;
			files = (
			);
			inputPaths = (
				"${PODS_PODFILE_DIR_PATH}/Podfile.lock",
				"${PODS_ROOT}/Manifest.lock",
			);
			name = "[CP] Check Pods Manifest.lock";
			outputPaths = (
				"$(DERIVED_FILE_DIR)/Pods-News-checkManifestLockResult.txt",
			);
			runOnlyForDeploymentPostprocessing = 0;
			shellPath = /bin/sh;
			shellScript = "diff \"${PODS_PODFILE_DIR_PATH}/Podfile.lock\" \"${PODS_ROOT}/Manifest.lock\" > /dev/null\nif [ $? != 0 ] ; then\n    # print error to STDERR\n    echo \"error: The sandbox is not in sync with the Podfile.lock. Run 'pod install' or update your CocoaPods installation.\" >&2\n    exit 1\nfi\n# This output is used by Xcode 'outputs' to avoid re-running this script phase.\necho \"SUCCESS\" > \"${SCRIPT_OUTPUT_FILE_0}\"\n";
			showEnvVarsInLog = 0;
		};
		A0562012F369FC3D1B2F4159 /* [CP] Embed Pods Frameworks */ = {
			isa = PBXShellScriptBuildPhase;
			buildActionMask = 2147483647;
			files = (
			);
			inputPaths = (
				"${SRCROOT}/Pods/Target Support Files/Pods-News/Pods-News-frameworks.sh",
				"${BUILT_PRODUCTS_DIR}/SwiftSpinner/SwiftSpinner.framework",
				"${BUILT_PRODUCTS_DIR}/SwiftyJSON/SwiftyJSON.framework",
			);
			name = "[CP] Embed Pods Frameworks";
			outputPaths = (
				"${TARGET_BUILD_DIR}/${FRAMEWORKS_FOLDER_PATH}/SwiftSpinner.framework",
				"${TARGET_BUILD_DIR}/${FRAMEWORKS_FOLDER_PATH}/SwiftyJSON.framework",
			);
			runOnlyForDeploymentPostprocessing = 0;
			shellPath = /bin/sh;
			shellScript = "\"${SRCROOT}/Pods/Target Support Files/Pods-News/Pods-News-frameworks.sh\"\n";
			showEnvVarsInLog = 0;
		};
/* End PBXShellScriptBuildPhase section */

/* Begin PBXSourcesBuildPhase section */
		86B30AB42110077300967772 /* Sources */ = {
			isa = PBXSourcesBuildPhase;
			buildActionMask = 2147483647;
			files = (
				86B30ABE2110077300967772 /* ViewController.swift in Sources */,
				86B30ABC2110077300967772 /* AppDelegate.swift in Sources */,
				86B30AEA2110118500967772 /* Constants.swift in Sources */,
				86B30AEC211015AE00967772 /* NewsListViewController.swift in Sources */,
				86B30AEE21102F1B00967772 /* Article.swift in Sources */,
			);
			runOnlyForDeploymentPostprocessing = 0;
		};
		86B30AC82110077300967772 /* Sources */ = {
			isa = PBXSourcesBuildPhase;
			buildActionMask = 2147483647;
			files = (
				86B30AD12110077400967772 /* NewsTests.swift in Sources */,
			);
			runOnlyForDeploymentPostprocessing = 0;
		};
		86B30AD32110077400967772 /* Sources */ = {
			isa = PBXSourcesBuildPhase;
			buildActionMask = 2147483647;
			files = (
				86B30ADC2110077400967772 /* NewsUITests.swift in Sources */,
			);
			runOnlyForDeploymentPostprocessing = 0;
		};
/* End PBXSourcesBuildPhase section */

/* Begin PBXTargetDependency section */
		86B30ACE2110077300967772 /* PBXTargetDependency */ = {
			isa = PBXTargetDependency;
			target = 86B30AB72110077300967772 /* News */;
			targetProxy = 86B30ACD2110077300967772 /* PBXContainerItemProxy */;
		};
		86B30AD92110077400967772 /* PBXTargetDependency */ = {
			isa = PBXTargetDependency;
			target = 86B30AB72110077300967772 /* News */;
			targetProxy = 86B30AD82110077400967772 /* PBXContainerItemProxy */;
		};
/* End PBXTargetDependency section */

/* Begin PBXVariantGroup section */
		86B30ABF2110077300967772 /* Main.storyboard */ = {
			isa = PBXVariantGroup;
			children = (
				86B30AC02110077300967772 /* Base */,
			);
			name = Main.storyboard;
			sourceTree = "<group>";
		};
		86B30AC42110077300967772 /* LaunchScreen.storyboard */ = {
			isa = PBXVariantGroup;
			children = (
				86B30AC52110077300967772 /* Base */,
			);
			name = LaunchScreen.storyboard;
			sourceTree = "<group>";
		};
/* End PBXVariantGroup section */

/* Begin XCBuildConfiguration section */
		86B30ADE2110077400967772 /* Debug */ = {
			isa = XCBuildConfiguration;
			buildSettings = {
				ALWAYS_SEARCH_USER_PATHS = NO;
				CLANG_ANALYZER_NONNULL = YES;
				CLANG_ANALYZER_NUMBER_OBJECT_CONVERSION = YES_AGGRESSIVE;
				CLANG_CXX_LANGUAGE_STANDARD = "gnu++14";
				CLANG_CXX_LIBRARY = "libc++";
				CLANG_ENABLE_MODULES = YES;
				CLANG_ENABLE_OBJC_ARC = YES;
				CLANG_WARN_BLOCK_CAPTURE_AUTORELEASING = YES;
				CLANG_WARN_BOOL_CONVERSION = YES;
				CLANG_WARN_COMMA = YES;
				CLANG_WARN_CONSTANT_CONVERSION = YES;
				CLANG_WARN_DIRECT_OBJC_ISA_USAGE = YES_ERROR;
				CLANG_WARN_DOCUMENTATION_COMMENTS = YES;
				CLANG_WARN_EMPTY_BODY = YES;
				CLANG_WARN_ENUM_CONVERSION = YES;
				CLANG_WARN_INFINITE_RECURSION = YES;
				CLANG_WARN_INT_CONVERSION = YES;
				CLANG_WARN_NON_LITERAL_NULL_CONVERSION = YES;
				CLANG_WARN_OBJC_LITERAL_CONVERSION = YES;
				CLANG_WARN_OBJC_ROOT_CLASS = YES_ERROR;
				CLANG_WARN_RANGE_LOOP_ANALYSIS = YES;
				CLANG_WARN_STRICT_PROTOTYPES = YES;
				CLANG_WARN_SUSPICIOUS_MOVE = YES;
				CLANG_WARN_UNGUARDED_AVAILABILITY = YES_AGGRESSIVE;
				CLANG_WARN_UNREACHABLE_CODE = YES;
				CLANG_WARN__DUPLICATE_METHOD_MATCH = YES;
				CODE_SIGN_IDENTITY = "iPhone Developer";
				COPY_PHASE_STRIP = NO;
				DEBUG_INFORMATION_FORMAT = dwarf;
				ENABLE_STRICT_OBJC_MSGSEND = YES;
				ENABLE_TESTABILITY = YES;
				GCC_C_LANGUAGE_STANDARD = gnu11;
				GCC_DYNAMIC_NO_PIC = NO;
				GCC_NO_COMMON_BLOCKS = YES;
				GCC_OPTIMIZATION_LEVEL = 0;
				GCC_PREPROCESSOR_DEFINITIONS = (
					"DEBUG=1",
					"$(inherited)",
				);
				GCC_WARN_64_TO_32_BIT_CONVERSION = YES;
				GCC_WARN_ABOUT_RETURN_TYPE = YES_ERROR;
				GCC_WARN_UNDECLARED_SELECTOR = YES;
				GCC_WARN_UNINITIALIZED_AUTOS = YES_AGGRESSIVE;
				GCC_WARN_UNUSED_FUNCTION = YES;
				GCC_WARN_UNUSED_VARIABLE = YES;
				IPHONEOS_DEPLOYMENT_TARGET = 11.0;
				MTL_ENABLE_DEBUG_INFO = YES;
				ONLY_ACTIVE_ARCH = YES;
				SDKROOT = iphoneos;
				SWIFT_ACTIVE_COMPILATION_CONDITIONS = DEBUG;
				SWIFT_OPTIMIZATION_LEVEL = "-Onone";
			};
			name = Debug;
		};
		86B30ADF2110077400967772 /* Release */ = {
			isa = XCBuildConfiguration;
			buildSettings = {
				ALWAYS_SEARCH_USER_PATHS = NO;
				CLANG_ANALYZER_NONNULL = YES;
				CLANG_ANALYZER_NUMBER_OBJECT_CONVERSION = YES_AGGRESSIVE;
				CLANG_CXX_LANGUAGE_STANDARD = "gnu++14";
				CLANG_CXX_LIBRARY = "libc++";
				CLANG_ENABLE_MODULES = YES;
				CLANG_ENABLE_OBJC_ARC = YES;
				CLANG_WARN_BLOCK_CAPTURE_AUTORELEASING = YES;
				CLANG_WARN_BOOL_CONVERSION = YES;
				CLANG_WARN_COMMA = YES;
				CLANG_WARN_CONSTANT_CONVERSION = YES;
				CLANG_WARN_DIRECT_OBJC_ISA_USAGE = YES_ERROR;
				CLANG_WARN_DOCUMENTATION_COMMENTS = YES;
				CLANG_WARN_EMPTY_BODY = YES;
				CLANG_WARN_ENUM_CONVERSION = YES;
				CLANG_WARN_INFINITE_RECURSION = YES;
				CLANG_WARN_INT_CONVERSION = YES;
				CLANG_WARN_NON_LITERAL_NULL_CONVERSION = YES;
				CLANG_WARN_OBJC_LITERAL_CONVERSION = YES;
				CLANG_WARN_OBJC_ROOT_CLASS = YES_ERROR;
				CLANG_WARN_RANGE_LOOP_ANALYSIS = YES;
				CLANG_WARN_STRICT_PROTOTYPES = YES;
				CLANG_WARN_SUSPICIOUS_MOVE = YES;
				CLANG_WARN_UNGUARDED_AVAILABILITY = YES_AGGRESSIVE;
				CLANG_WARN_UNREACHABLE_CODE = YES;
				CLANG_WARN__DUPLICATE_METHOD_MATCH = YES;
				CODE_SIGN_IDENTITY = "iPhone Developer";
				COPY_PHASE_STRIP = NO;
				DEBUG_INFORMATION_FORMAT = "dwarf-with-dsym";
				ENABLE_NS_ASSERTIONS = NO;
				ENABLE_STRICT_OBJC_MSGSEND = YES;
				GCC_C_LANGUAGE_STANDARD = gnu11;
				GCC_NO_COMMON_BLOCKS = YES;
				GCC_WARN_64_TO_32_BIT_CONVERSION = YES;
				GCC_WARN_ABOUT_RETURN_TYPE = YES_ERROR;
				GCC_WARN_UNDECLARED_SELECTOR = YES;
				GCC_WARN_UNINITIALIZED_AUTOS = YES_AGGRESSIVE;
				GCC_WARN_UNUSED_FUNCTION = YES;
				GCC_WARN_UNUSED_VARIABLE = YES;
				IPHONEOS_DEPLOYMENT_TARGET = 11.0;
				MTL_ENABLE_DEBUG_INFO = NO;
				SDKROOT = iphoneos;
				SWIFT_OPTIMIZATION_LEVEL = "-Owholemodule";
				VALIDATE_PRODUCT = YES;
			};
			name = Release;
		};
		86B30AE12110077400967772 /* Debug */ = {
			isa = XCBuildConfiguration;
			baseConfigurationReference = 0978CE609727CA3F3063B8EC /* Pods-News.debug.xcconfig */;
			buildSettings = {
				ASSETCATALOG_COMPILER_APPICON_NAME = AppIcon;
				CODE_SIGN_STYLE = Automatic;
				DEVELOPMENT_TEAM = E3M859RKRX;
				INFOPLIST_FILE = News/Info.plist;
				LD_RUNPATH_SEARCH_PATHS = "$(inherited) @executable_path/Frameworks";
				PRODUCT_BUNDLE_IDENTIFIER = com.fidelity.am.etech.News;
				PRODUCT_NAME = "$(TARGET_NAME)";
				SWIFT_VERSION = 4.0;
				TARGETED_DEVICE_FAMILY = "1,2";
			};
			name = Debug;
		};
		86B30AE22110077400967772 /* Release */ = {
			isa = XCBuildConfiguration;
			baseConfigurationReference = 6241A75BB5F5EED6050B7215 /* Pods-News.release.xcconfig */;
			buildSettings = {
				ASSETCATALOG_COMPILER_APPICON_NAME = AppIcon;
				CODE_SIGN_STYLE = Automatic;
				DEVELOPMENT_TEAM = E3M859RKRX;
				INFOPLIST_FILE = News/Info.plist;
				LD_RUNPATH_SEARCH_PATHS = "$(inherited) @executable_path/Frameworks";
				PRODUCT_BUNDLE_IDENTIFIER = com.fidelity.am.etech.News;
				PRODUCT_NAME = "$(TARGET_NAME)";
				SWIFT_VERSION = 4.0;
				TARGETED_DEVICE_FAMILY = "1,2";
			};
			name = Release;
		};
		86B30AE42110077400967772 /* Debug */ = {
			isa = XCBuildConfiguration;
			buildSettings = {
				ALWAYS_EMBED_SWIFT_STANDARD_LIBRARIES = YES;
				BUNDLE_LOADER = "$(TEST_HOST)";
				CODE_SIGN_STYLE = Automatic;
				INFOPLIST_FILE = NewsTests/Info.plist;
				LD_RUNPATH_SEARCH_PATHS = "$(inherited) @executable_path/Frameworks @loader_path/Frameworks";
				PRODUCT_BUNDLE_IDENTIFIER = com.fidelity.am.etech.NewsTests;
				PRODUCT_NAME = "$(TARGET_NAME)";
				SWIFT_VERSION = 4.0;
				TARGETED_DEVICE_FAMILY = "1,2";
				TEST_HOST = "$(BUILT_PRODUCTS_DIR)/News.app/News";
			};
			name = Debug;
		};
		86B30AE52110077400967772 /* Release */ = {
			isa = XCBuildConfiguration;
			buildSettings = {
				ALWAYS_EMBED_SWIFT_STANDARD_LIBRARIES = YES;
				BUNDLE_LOADER = "$(TEST_HOST)";
				CODE_SIGN_STYLE = Automatic;
				INFOPLIST_FILE = NewsTests/Info.plist;
				LD_RUNPATH_SEARCH_PATHS = "$(inherited) @executable_path/Frameworks @loader_path/Frameworks";
				PRODUCT_BUNDLE_IDENTIFIER = com.fidelity.am.etech.NewsTests;
				PRODUCT_NAME = "$(TARGET_NAME)";
				SWIFT_VERSION = 4.0;
				TARGETED_DEVICE_FAMILY = "1,2";
				TEST_HOST = "$(BUILT_PRODUCTS_DIR)/News.app/News";
			};
			name = Release;
		};
		86B30AE72110077400967772 /* Debug */ = {
			isa = XCBuildConfiguration;
			buildSettings = {
				ALWAYS_EMBED_SWIFT_STANDARD_LIBRARIES = YES;
				CODE_SIGN_STYLE = Automatic;
				INFOPLIST_FILE = NewsUITests/Info.plist;
				LD_RUNPATH_SEARCH_PATHS = "$(inherited) @executable_path/Frameworks @loader_path/Frameworks";
				PRODUCT_BUNDLE_IDENTIFIER = com.fidelity.am.etech.NewsUITests;
				PRODUCT_NAME = "$(TARGET_NAME)";
				SWIFT_VERSION = 4.0;
				TARGETED_DEVICE_FAMILY = "1,2";
				TEST_TARGET_NAME = News;
			};
			name = Debug;
		};
		86B30AE82110077400967772 /* Release */ = {
			isa = XCBuildConfiguration;
			buildSettings = {
				ALWAYS_EMBED_SWIFT_STANDARD_LIBRARIES = YES;
				CODE_SIGN_STYLE = Automatic;
				INFOPLIST_FILE = NewsUITests/Info.plist;
				LD_RUNPATH_SEARCH_PATHS = "$(inherited) @executable_path/Frameworks @loader_path/Frameworks";
				PRODUCT_BUNDLE_IDENTIFIER = com.fidelity.am.etech.NewsUITests;
				PRODUCT_NAME = "$(TARGET_NAME)";
				SWIFT_VERSION = 4.0;
				TARGETED_DEVICE_FAMILY = "1,2";
				TEST_TARGET_NAME = News;
			};
			name = Release;
		};
/* End XCBuildConfiguration section */

/* Begin XCConfigurationList section */
		86B30AB32110077300967772 /* Build configuration list for PBXProject "News" */ = {
			isa = XCConfigurationList;
			buildConfigurations = (
				86B30ADE2110077400967772 /* Debug */,
				86B30ADF2110077400967772 /* Release */,
			);
			defaultConfigurationIsVisible = 0;
			defaultConfigurationName = Release;
		};
		86B30AE02110077400967772 /* Build configuration list for PBXNativeTarget "News" */ = {
			isa = XCConfigurationList;
			buildConfigurations = (
				86B30AE12110077400967772 /* Debug */,
				86B30AE22110077400967772 /* Release */,
			);
			defaultConfigurationIsVisible = 0;
			defaultConfigurationName = Release;
		};
		86B30AE32110077400967772 /* Build configuration list for PBXNativeTarget "NewsTests" */ = {
			isa = XCConfigurationList;
			buildConfigurations = (
				86B30AE42110077400967772 /* Debug */,
				86B30AE52110077400967772 /* Release */,
			);
			defaultConfigurationIsVisible = 0;
			defaultConfigurationName = Release;
		};
		86B30AE62110077400967772 /* Build configuration list for PBXNativeTarget "NewsUITests" */ = {
			isa = XCConfigurationList;
			buildConfigurations = (
				86B30AE72110077400967772 /* Debug */,
				86B30AE82110077400967772 /* Release */,
			);
			defaultConfigurationIsVisible = 0;
			defaultConfigurationName = Release;
		};
/* End XCConfigurationList section */
	};
	rootObject = 86B30AB02110077300967772 /* Project object */;
}
